{
  "name": "kosa",
  "lockfileVersion": 2,
  "requires": true,
  "packages": {
    "": {
      "dependencies": {
        "@clr/icons": "^4.0.3",
        "@webcomponents/custom-elements": "^1.0.0"
      }
    },
    "node_modules/@clr/icons": {
      "version": "4.0.3",
      "resolved": "https://registry.npmjs.org/@clr/icons/-/icons-4.0.3.tgz",
      "integrity": "sha512-0tRP9S6Kxal1gQfO8dp8r7/oqo+WvjEZCPtKxG3EKPF7g5Z9iEaof08YSGJ6PJCnPdhg0BMS0y8UwUPzWfGtIQ==",
      "peerDependencies": {
        "@webcomponents/custom-elements": "^1.0.0"
      }
    },
    "node_modules/@webcomponents/custom-elements": {
      "version": "1.0.0",
      "resolved": "https://registry.npmjs.org/@webcomponents/custom-elements/-/custom-elements-1.0.0.tgz",
      "integrity": "sha1-sXJuEgdLVWqjG5Pzb/agOkNSWcQ="
    }
  },
  "dependencies": {
    "@clr/icons": {
      "version": "4.0.3",
      "resolved": "https://registry.npmjs.org/@clr/icons/-/icons-4.0.3.tgz",
      "integrity": "sha512-0tRP9S6Kxal1gQfO8dp8r7/oqo+WvjEZCPtKxG3EKPF7g5Z9iEaof08YSGJ6PJCnPdhg0BMS0y8UwUPzWfGtIQ==",
      "requires": {}
    },
    "@webcomponents/custom-elements": {
      "version": "1.0.0",
      "resolved": "https://registry.npmjs.org/@webcomponents/custom-elements/-/custom-elements-1.0.0.tgz",
      "integrity": "sha1-sXJuEgdLVWqjG5Pzb/agOkNSWcQ="
    }
  }
}
